
Microsoft Visual Studio Solution File, Format Version 10.00
# Visual C# Express 2008
Project("{FAE04EC0-301F-11D3-BF4B-00C04F79EFBC}") = "Whitehole", "Whitehole.csproj", "{6F1581B4-EEFF-4DF2-A229-486B2868C805}"
EndProject
Global
	GlobalSection(SolutionConfigurationPlatforms) = preSolution
		Debug|Any CPU = Debug|Any CPU
		Release|Any CPU = Release|Any CPU
	EndGlobalSection
	GlobalSection(ProjectConfigurationPlatforms) = postSolution
		{6F1581B4-EEFF-4DF2-A229-486B2868C805}.Debug|Any CPU.ActiveCfg = Debug|Any CPU
		{6F1581B4-EEFF-4DF2-A229-486B2868C805}.Debug|Any CPU.Build.0 = Debug|Any CPU
		{6F1581B4-EEFF-4DF2-A229-486B2868C805}.Release|Any CPU.ActiveCfg = Release|Any CPU
		{6F1581B4-EEFF-4DF2-A229-486B2868C805}.Release|Any CPU.Build.0 = Release|Any CPU
	EndGlobalSection
	GlobalSection(SolutionProperties) = preSolution
		HideSolutionNode = FALSE
	EndGlobalSection
EndGlobal
